
Microsoft Visual Studio Solution File, Format Version 10.00
# Visual Studio 2008
Project("{8BC9CEB8-8B4A-11D0-8D11-00A0C91BC942}") = "vis_prettylights", "gen_myplugin\gen_myplugin.vcproj", "{65497761-F326-47D2-A25F-4E161F5F8812}"
EndProject
Global
	GlobalSection(SolutionConfigurationPlatforms) = preSolution
		Debug|Win32 = Debug|Win32
		Release|Win32 = Release|Win32
	EndGlobalSection
	GlobalSection(ProjectConfigurationPlatforms) = postSolution
		{65497761-F326-47D2-A25F-4E161F5F8812}.Debug|Win32.ActiveCfg = Release|Win32
		{65497761-F326-47D2-A25F-4E161F5F8812}.Debug|Win32.Build.0 = Release|Win32
		{65497761-F326-47D2-A25F-4E161F5F8812}.Release|Win32.ActiveCfg = Release|Win32
		{65497761-F326-47D2-A25F-4E161F5F8812}.Release|Win32.Build.0 = Release|Win32
	EndGlobalSection
	GlobalSection(SolutionProperties) = preSolution
		HideSolutionNode = FALSE
	EndGlobalSection
EndGlobal
